
Microsoft Visual Studio Solution File, Format Version 12.00
# Visual Studio 15
VisualStudioVersion = 15.0.28010.2050
MinimumVisualStudioVersion = 10.0.40219.1
Project("{9A19103F-16F7-4668-BE54-9A1E7A4F7556}") = "AWSLambda1", "AWSLambda1\AWSLambda1.csproj", "{D3E0DEBB-37FB-4DDB-B434-CFEBDA4966B7}"
EndProject
Global
	GlobalSection(SolutionConfigurationPlatforms) = preSolution
		Debug|Any CPU = Debug|Any CPU
		Release|Any CPU = Release|Any CPU
	EndGlobalSection
	GlobalSection(ProjectConfigurationPlatforms) = postSolution
		{D3E0DEBB-37FB-4DDB-B434-CFEBDA4966B7}.Debug|Any CPU.ActiveCfg = Debug|Any CPU
		{D3E0DEBB-37FB-4DDB-B434-CFEBDA4966B7}.Debug|Any CPU.Build.0 = Debug|Any CPU
		{D3E0DEBB-37FB-4DDB-B434-CFEBDA4966B7}.Release|Any CPU.ActiveCfg = Release|Any CPU
		{D3E0DEBB-37FB-4DDB-B434-CFEBDA4966B7}.Release|Any CPU.Build.0 = Release|Any CPU
	EndGlobalSection
	GlobalSection(SolutionProperties) = preSolution
		HideSolutionNode = FALSE
	EndGlobalSection
	GlobalSection(ExtensibilityGlobals) = postSolution
		SolutionGuid = {03182D17-5405-4CBF-89FE-C3269455AC95}
	EndGlobalSection
EndGlobal
